
Microsoft Visual Studio Solution File, Format Version 12.00
# Visual Studio Version 17
VisualStudioVersion = 17.1.32328.378
MinimumVisualStudioVersion = 10.0.40219.1
Project("{FAE04EC0-301F-11D3-BF4B-00C04F79EFBC}") = "互调自动化测试", "互调自动化测试.csproj", "{626360F6-B8D4-48CA-B0EA-D36346FBF53B}"
EndProject
Global
	GlobalSection(SolutionConfigurationPlatforms) = preSolution
		Debug|Any CPU = Debug|Any CPU
		Release|Any CPU = Release|Any CPU
	EndGlobalSection
	GlobalSection(ProjectConfigurationPlatforms) = postSolution
		{626360F6-B8D4-48CA-B0EA-D36346FBF53B}.Debug|Any CPU.ActiveCfg = Debug|Any CPU
		{626360F6-B8D4-48CA-B0EA-D36346FBF53B}.Debug|Any CPU.Build.0 = Debug|Any CPU
		{626360F6-B8D4-48CA-B0EA-D36346FBF53B}.Release|Any CPU.ActiveCfg = Release|Any CPU
		{626360F6-B8D4-48CA-B0EA-D36346FBF53B}.Release|Any CPU.Build.0 = Release|Any CPU
	EndGlobalSection
	GlobalSection(SolutionProperties) = preSolution
		HideSolutionNode = FALSE
	EndGlobalSection
	GlobalSection(ExtensibilityGlobals) = postSolution
		SolutionGuid = {77046F65-77BD-40E6-94B8-9FBCB48BB48B}
	EndGlobalSection
EndGlobal
